# This file was autogenerated by Stack.
# You should not edit this file by hand.
# For more information, please see the documentation at:
#   https://docs.haskellstack.org/en/stable/lock_files

packages:
- completed:
    hackage: stylist-2.4.0.2@sha256:2ecd9e93d50ff6761c69a3c9464aba6081ccf0aa79f6bf9862d9bee54ca2a544,3998
    pantry-tree:
      size: 1589
      sha256: 7597fa63846b84bef21a998f7ab8416bd1880dc9741ac2ee6583382fe97e1e41
  original:
    hackage: stylist-2.4.0.2@sha256:2ecd9e93d50ff6761c69a3c9464aba6081ccf0aa79f6bf9862d9bee54ca2a544,3998
- completed:
    hackage: rel8-1.3.1.0@sha256:82292d07f590c92b256f512347bb410989501711d47fdd2b43823f6467169f03,5114
    pantry-tree:
      size: 9026
      sha256: 7fbfd8f7ce8a72348b9345831a1aeea2fc5bf17cdd6080106334d6962efcd889
  original:
    hackage: rel8-1.3.1.0@sha256:82292d07f590c92b256f512347bb410989501711d47fdd2b43823f6467169f03,5114
- completed:
    hackage: opaleye-0.9.1.0@sha256:b7b3e086c62319ed929c70874eeda833833c957d3c5431888c8605ae1b9122fa,5837
    pantry-tree:
      size: 5662
      sha256: 770075682b00589dd4bb62d2f8239eeca41d1484db1b957b1c9a13c148dd88ba
  original:
    hackage: opaleye-0.9.1.0
- completed:
    hackage: hasql-1.5@sha256:d7df28a866adcd1afb4027b518d425c6bc210031e5c98e0dd8e6c41ebed35d05,6577
    pantry-tree:
      size: 2567
      sha256: 9e6c465c5cbfaca8cbd4170c55b363edac918593db323e1a18164e682360b4f2
  original:
    hackage: hasql-1.5
- completed:
    hackage: servant-lucid-0.9.0.5@sha256:c46780eefc12544b862af1dd7c7f88715e5fb45d954da538b0641d42c7b5f5c6,1787
    pantry-tree:
      size: 392
      sha256: 7d529522482f4f83a62430a0fe245afc6272a5b9a63f2581388ac602654806c0
  original:
    hackage: servant-lucid-0.9.0.5@sha256:c46780eefc12544b862af1dd7c7f88715e5fb45d954da538b0641d42c7b5f5c6,1787
- completed:
    hackage: QuadTree-0.11.0@sha256:e2911b6ce3d3f1dd9eea0d7d4cea5545a6252fb32fb0c1040fd49678e4f5018e,2227
    pantry-tree:
      size: 339
      sha256: 36ce3c789e950a038ddeeade3193b7d3e9f167bcdbca59b270df07090859a59f
  original:
    hackage: QuadTree-0.11.0@sha256:e2911b6ce3d3f1dd9eea0d7d4cea5545a6252fb32fb0c1040fd49678e4f5018e,2227
- completed:
    hackage: streaming-cassava-0.2.0.0@sha256:aea99400ef6e7fa064bb275601503544608b8e3fbee6f6c661b019033dc40d11,1812
    pantry-tree:
      size: 386
      sha256: c7c6b19608fb9d06b02cc3236eab7fd59f30730b1133b00bf55ed6e75ef04b4e
  original:
    hackage: streaming-cassava-0.2.0.0@sha256:aea99400ef6e7fa064bb275601503544608b8e3fbee6f6c661b019033dc40d11,1812
- completed:
    hackage: streaming-with-0.3.0.0@sha256:5d1637de1023aa2bb3fac5999f4c915afdbf702c81461b54ebfcc9749a372c46,1298
    pantry-tree:
      size: 390
      sha256: 9df17014864b5c0bd30fe91c1933b7ee951b5f3d832dd5ca43ff2c370cc8e3a3
  original:
    hackage: streaming-with-0.3.0.0@sha256:5d1637de1023aa2bb3fac5999f4c915afdbf702c81461b54ebfcc9749a372c46,1298
snapshots:
- completed:
    size: 586286
    url: https://raw.githubusercontent.com/commercialhaskell/stackage-snapshots/master/lts/18/16.yaml
    sha256: cdead65fca0323144b346c94286186f4969bf85594d649c49c7557295675d8a5
  original: lts-18.16
