# This file was autogenerated by Stack.
# You should not edit this file by hand.
# For more information, please see the documentation at:
#   https://docs.haskellstack.org/en/stable/lock_files

packages:
- completed:
    hackage: stylist-2.4.0.2@sha256:2ecd9e93d50ff6761c69a3c9464aba6081ccf0aa79f6bf9862d9bee54ca2a544,3998
    pantry-tree:
      size: 1589
      sha256: 7597fa63846b84bef21a998f7ab8416bd1880dc9741ac2ee6583382fe97e1e41
  original:
    hackage: stylist-2.4.0.2@sha256:2ecd9e93d50ff6761c69a3c9464aba6081ccf0aa79f6bf9862d9bee54ca2a544,3998
snapshots:
- completed:
    size: 586286
    url: https://raw.githubusercontent.com/commercialhaskell/stackage-snapshots/master/lts/18/16.yaml
    sha256: cdead65fca0323144b346c94286186f4969bf85594d649c49c7557295675d8a5
  original: lts-18.16
